
Microsoft Visual Studio Solution File, Format Version 12.00
# Visual Studio 15
Project("{FAE04EC0-301F-11D3-BF4B-00C04F79EFBC}") = "Assembly-CSharp", "Assembly-CSharp.csproj", "{563AF777-5949-D5C6-3C3B-D33266EEA615}"
EndProject
Project("{FAE04EC0-301F-11D3-BF4B-00C04F79EFBC}") = "Assembly-CSharp-firstpass", "Assembly-CSharp-firstpass.csproj", "{B964A26C-06D4-9788-BFF8-B1EE0F98DB16}"
EndProject
Project("{FAE04EC0-301F-11D3-BF4B-00C04F79EFBC}") = "Assembly-CSharp-Editor", "Assembly-CSharp-Editor.csproj", "{9EE07808-9389-9F57-6DF5-7693434A95D7}"
EndProject
Global
	GlobalSection(SolutionConfigurationPlatforms) = preSolution
		Debug|Any CPU = Debug|Any CPU
		Release|Any CPU = Release|Any CPU
	EndGlobalSection
	GlobalSection(ProjectConfigurationPlatforms) = postSolution
		{563AF777-5949-D5C6-3C3B-D33266EEA615}.Debug|Any CPU.ActiveCfg = Debug|Any CPU
		{563AF777-5949-D5C6-3C3B-D33266EEA615}.Debug|Any CPU.Build.0 = Debug|Any CPU
		{563AF777-5949-D5C6-3C3B-D33266EEA615}.Release|Any CPU.ActiveCfg = Release|Any CPU
		{563AF777-5949-D5C6-3C3B-D33266EEA615}.Release|Any CPU.Build.0 = Release|Any CPU
		{B964A26C-06D4-9788-BFF8-B1EE0F98DB16}.Debug|Any CPU.ActiveCfg = Debug|Any CPU
		{B964A26C-06D4-9788-BFF8-B1EE0F98DB16}.Debug|Any CPU.Build.0 = Debug|Any CPU
		{B964A26C-06D4-9788-BFF8-B1EE0F98DB16}.Release|Any CPU.ActiveCfg = Release|Any CPU
		{B964A26C-06D4-9788-BFF8-B1EE0F98DB16}.Release|Any CPU.Build.0 = Release|Any CPU
		{9EE07808-9389-9F57-6DF5-7693434A95D7}.Debug|Any CPU.ActiveCfg = Debug|Any CPU
		{9EE07808-9389-9F57-6DF5-7693434A95D7}.Debug|Any CPU.Build.0 = Debug|Any CPU
		{9EE07808-9389-9F57-6DF5-7693434A95D7}.Release|Any CPU.ActiveCfg = Release|Any CPU
		{9EE07808-9389-9F57-6DF5-7693434A95D7}.Release|Any CPU.Build.0 = Release|Any CPU
	EndGlobalSection
	GlobalSection(SolutionProperties) = preSolution
		HideSolutionNode = FALSE
	EndGlobalSection
EndGlobal
